// !$*UTF8*$!
{
	archiveVersion = 1;
	classes = {
	};
	objectVersion = 50;
	objects = {

/* Begin PBXBuildFile section */
		839944C523990AB000577E55 /* AppDelegate.swift in Sources */ = {isa = PBXBuildFile; fileRef = 839944C423990AB000577E55 /* AppDelegate.swift */; };
		839944C723990AB000577E55 /* SceneDelegate.swift in Sources */ = {isa = PBXBuildFile; fileRef = 839944C623990AB000577E55 /* SceneDelegate.swift */; };
		839944C923990AB000577E55 /* ViewController.swift in Sources */ = {isa = PBXBuildFile; fileRef = 839944C823990AB000577E55 /* ViewController.swift */; };
		839944CC23990AB000577E55 /* Main.storyboard in Resources */ = {isa = PBXBuildFile; fileRef = 839944CA23990AB000577E55 /* Main.storyboard */; };
		839944CE23990AB100577E55 /* Assets.xcassets in Resources */ = {isa = PBXBuildFile; fileRef = 839944CD23990AB100577E55 /* Assets.xcassets */; };
		839944D123990AB100577E55 /* LaunchScreen.storyboard in Resources */ = {isa = PBXBuildFile; fileRef = 839944CF23990AB100577E55 /* LaunchScreen.storyboard */; };
		839944DC23990AB100577E55 /* RetroRampageTests.swift in Sources */ = {isa = PBXBuildFile; fileRef = 839944DB23990AB100577E55 /* RetroRampageTests.swift */; };
		839944E723990AB100577E55 /* RetroRampageUITests.swift in Sources */ = {isa = PBXBuildFile; fileRef = 839944E623990AB100577E55 /* RetroRampageUITests.swift */; };
		839944F523990DA700577E55 /* Helpers.swift in Sources */ = {isa = PBXBuildFile; fileRef = 839944F423990DA700577E55 /* Helpers.swift */; };
		839944F7239944B500577E55 /* map.json in Resources */ = {isa = PBXBuildFile; fileRef = 839944F6239944B500577E55 /* map.json */; };
/* End PBXBuildFile section */

/* Begin PBXContainerItemProxy section */
		839944D823990AB100577E55 /* PBXContainerItemProxy */ = {
			isa = PBXContainerItemProxy;
			containerPortal = 839944B923990AB000577E55 /* Project object */;
			proxyType = 1;
			remoteGlobalIDString = 839944C023990AB000577E55;
			remoteInfo = RetroRampage;
		};
		839944E323990AB100577E55 /* PBXContainerItemProxy */ = {
			isa = PBXContainerItemProxy;
			containerPortal = 839944B923990AB000577E55 /* Project object */;
			proxyType = 1;
			remoteGlobalIDString = 839944C023990AB000577E55;
			remoteInfo = RetroRampage;
		};
/* End PBXContainerItemProxy section */

/* Begin PBXFileReference section */
		839944C123990AB000577E55 /* RetroRampage.app */ = {isa = PBXFileReference; explicitFileType = wrapper.application; includeInIndex = 0; path = RetroRampage.app; sourceTree = BUILT_PRODUCTS_DIR; };
		839944C423990AB000577E55 /* AppDelegate.swift */ = {isa = PBXFileReference; lastKnownFileType = sourcecode.swift; path = AppDelegate.swift; sourceTree = "<group>"; };
		839944C623990AB000577E55 /* SceneDelegate.swift */ = {isa = PBXFileReference; lastKnownFileType = sourcecode.swift; path = SceneDelegate.swift; sourceTree = "<group>"; };
		839944C823990AB000577E55 /* ViewController.swift */ = {isa = PBXFileReference; lastKnownFileType = sourcecode.swift; path = ViewController.swift; sourceTree = "<group>"; };
		839944CB23990AB000577E55 /* Base */ = {isa = PBXFileReference; lastKnownFileType = file.storyboard; name = Base; path = Base.lproj/Main.storyboard; sourceTree = "<group>"; };
		839944CD23990AB100577E55 /* Assets.xcassets */ = {isa = PBXFileReference; lastKnownFileType = folder.assetcatalog; path = Assets.xcassets; sourceTree = "<group>"; };
		839944D023990AB100577E55 /* Base */ = {isa = PBXFileReference; lastKnownFileType = file.storyboard; name = Base; path = Base.lproj/LaunchScreen.storyboard; sourceTree = "<group>"; };
		839944D223990AB100577E55 /* Info.plist */ = {isa = PBXFileReference; lastKnownFileType = text.plist.xml; path = Info.plist; sourceTree = "<group>"; };
		839944D723990AB100577E55 /* RetroRampageTests.xctest */ = {isa = PBXFileReference; explicitFileType = wrapper.cfbundle; includeInIndex = 0; path = RetroRampageTests.xctest; sourceTree = BUILT_PRODUCTS_DIR; };
		839944DB23990AB100577E55 /* RetroRampageTests.swift */ = {isa = PBXFileReference; lastKnownFileType = sourcecode.swift; path = RetroRampageTests.swift; sourceTree = "<group>"; };
		839944DD23990AB100577E55 /* Info.plist */ = {isa = PBXFileReference; lastKnownFileType = text.plist.xml; path = Info.plist; sourceTree = "<group>"; };
		839944E223990AB100577E55 /* RetroRampageUITests.xctest */ = {isa = PBXFileReference; explicitFileType = wrapper.cfbundle; includeInIndex = 0; path = RetroRampageUITests.xctest; sourceTree = BUILT_PRODUCTS_DIR; };
		839944E623990AB100577E55 /* RetroRampageUITests.swift */ = {isa = PBXFileReference; lastKnownFileType = sourcecode.swift; path = RetroRampageUITests.swift; sourceTree = "<group>"; };
		839944E823990AB100577E55 /* Info.plist */ = {isa = PBXFileReference; lastKnownFileType = text.plist.xml; path = Info.plist; sourceTree = "<group>"; };
		839944F423990DA700577E55 /* Helpers.swift */ = {isa = PBXFileReference; lastKnownFileType = sourcecode.swift; path = Helpers.swift; sourceTree = "<group>"; };
		839944F6239944B500577E55 /* map.json */ = {isa = PBXFileReference; lastKnownFileType = text.json; path = map.json; sourceTree = "<group>"; };
/* End PBXFileReference section */

/* Begin PBXFrameworksBuildPhase section */
		839944BE23990AB000577E55 /* Frameworks */ = {
			isa = PBXFrameworksBuildPhase;
			buildActionMask = 2147483647;
			files = (
			);
			runOnlyForDeploymentPostprocessing = 0;
		};
		839944D423990AB100577E55 /* Frameworks */ = {
			isa = PBXFrameworksBuildPhase;
			buildActionMask = 2147483647;
			files = (
			);
			runOnlyForDeploymentPostprocessing = 0;
		};
		839944DF23990AB100577E55 /* Frameworks */ = {
			isa = PBXFrameworksBuildPhase;
			buildActionMask = 2147483647;
			files = (
			);
			runOnlyForDeploymentPostprocessing = 0;
		};
/* End PBXFrameworksBuildPhase section */

/* Begin PBXGroup section */
		839944B823990AB000577E55 = {
			isa = PBXGroup;
			children = (
				839944C323990AB000577E55 /* RetroRampage */,
				839944DA23990AB100577E55 /* RetroRampageTests */,
				839944E523990AB100577E55 /* RetroRampageUITests */,
				839944C223990AB000577E55 /* Products */,
			);
			sourceTree = "<group>";
		};
		839944C223990AB000577E55 /* Products */ = {
			isa = PBXGroup;
			children = (
				839944C123990AB000577E55 /* RetroRampage.app */,
				839944D723990AB100577E55 /* RetroRampageTests.xctest */,
				839944E223990AB100577E55 /* RetroRampageUITests.xctest */,
			);
			name = Products;
			sourceTree = "<group>";
		};
		839944C323990AB000577E55 /* RetroRampage */ = {
			isa = PBXGroup;
			children = (
				839944C423990AB000577E55 /* AppDelegate.swift */,
				839944C623990AB000577E55 /* SceneDelegate.swift */,
				839944C823990AB000577E55 /* ViewController.swift */,
				839944F6239944B500577E55 /* map.json */,
				839944F423990DA700577E55 /* Helpers.swift */,
				839944CA23990AB000577E55 /* Main.storyboard */,
				839944CD23990AB100577E55 /* Assets.xcassets */,
				839944CF23990AB100577E55 /* LaunchScreen.storyboard */,
				839944D223990AB100577E55 /* Info.plist */,
			);
			path = RetroRampage;
			sourceTree = "<group>";
		};
		839944DA23990AB100577E55 /* RetroRampageTests */ = {
			isa = PBXGroup;
			children = (
				839944DB23990AB100577E55 /* RetroRampageTests.swift */,
				839944DD23990AB100577E55 /* Info.plist */,
			);
			path = RetroRampageTests;
			sourceTree = "<group>";
		};
		839944E523990AB100577E55 /* RetroRampageUITests */ = {
			isa = PBXGroup;
			children = (
				839944E623990AB100577E55 /* RetroRampageUITests.swift */,
				839944E823990AB100577E55 /* Info.plist */,
			);
			path = RetroRampageUITests;
			sourceTree = "<group>";
		};
/* End PBXGroup section */

/* Begin PBXNativeTarget section */
		839944C023990AB000577E55 /* RetroRampage */ = {
			isa = PBXNativeTarget;
			buildConfigurationList = 839944EB23990AB100577E55 /* Build configuration list for PBXNativeTarget "RetroRampage" */;
			buildPhases = (
				839944BD23990AB000577E55 /* Sources */,
				839944BE23990AB000577E55 /* Frameworks */,
				839944BF23990AB000577E55 /* Resources */,
			);
			buildRules = (
			);
			dependencies = (
			);
			name = RetroRampage;
			productName = RetroRampage;
			productReference = 839944C123990AB000577E55 /* RetroRampage.app */;
			productType = "com.apple.product-type.application";
		};
		839944D623990AB100577E55 /* RetroRampageTests */ = {
			isa = PBXNativeTarget;
			buildConfigurationList = 839944EE23990AB100577E55 /* Build configuration list for PBXNativeTarget "RetroRampageTests" */;
			buildPhases = (
				839944D323990AB100577E55 /* Sources */,
				839944D423990AB100577E55 /* Frameworks */,
				839944D523990AB100577E55 /* Resources */,
			);
			buildRules = (
			);
			dependencies = (
				839944D923990AB100577E55 /* PBXTargetDependency */,
			);
			name = RetroRampageTests;
			productName = RetroRampageTests;
			productReference = 839944D723990AB100577E55 /* RetroRampageTests.xctest */;
			productType = "com.apple.product-type.bundle.unit-test";
		};
		839944E123990AB100577E55 /* RetroRampageUITests */ = {
			isa = PBXNativeTarget;
			buildConfigurationList = 839944F123990AB100577E55 /* Build configuration list for PBXNativeTarget "RetroRampageUITests" */;
			buildPhases = (
				839944DE23990AB100577E55 /* Sources */,
				839944DF23990AB100577E55 /* Frameworks */,
				839944E023990AB100577E55 /* Resources */,
			);
			buildRules = (
			);
			dependencies = (
				839944E423990AB100577E55 /* PBXTargetDependency */,
			);
			name = RetroRampageUITests;
			productName = RetroRampageUITests;
			productReference = 839944E223990AB100577E55 /* RetroRampageUITests.xctest */;
			productType = "com.apple.product-type.bundle.ui-testing";
		};
/* End PBXNativeTarget section */

/* Begin PBXProject section */
		839944B923990AB000577E55 /* Project object */ = {
			isa = PBXProject;
			attributes = {
				LastSwiftUpdateCheck = 1120;
				LastUpgradeCheck = 1120;
				ORGANIZATIONNAME = "Chris Eidhof";
				TargetAttributes = {
					839944C023990AB000577E55 = {
						CreatedOnToolsVersion = 11.2.1;
					};
					839944D623990AB100577E55 = {
						CreatedOnToolsVersion = 11.2.1;
						TestTargetID = 839944C023990AB000577E55;
					};
					839944E123990AB100577E55 = {
						CreatedOnToolsVersion = 11.2.1;
						TestTargetID = 839944C023990AB000577E55;
					};
				};
			};
			buildConfigurationList = 839944BC23990AB000577E55 /* Build configuration list for PBXProject "RetroRampage" */;
			compatibilityVersion = "Xcode 9.3";
			developmentRegion = en;
			hasScannedForEncodings = 0;
			knownRegions = (
				en,
				Base,
			);
			mainGroup = 839944B823990AB000577E55;
			productRefGroup = 839944C223990AB000577E55 /* Products */;
			projectDirPath = "";
			projectRoot = "";
			targets = (
				839944C023990AB000577E55 /* RetroRampage */,
				839944D623990AB100577E55 /* RetroRampageTests */,
				839944E123990AB100577E55 /* RetroRampageUITests */,
			);
		};
/* End PBXProject section */

/* Begin PBXResourcesBuildPhase section */
		839944BF23990AB000577E55 /* Resources */ = {
			isa = PBXResourcesBuildPhase;
			buildActionMask = 2147483647;
			files = (
				839944D123990AB100577E55 /* LaunchScreen.storyboard in Resources */,
				839944CE23990AB100577E55 /* Assets.xcassets in Resources */,
				839944F7239944B500577E55 /* map.json in Resources */,
				839944CC23990AB000577E55 /* Main.storyboard in Resources */,
			);
			runOnlyForDeploymentPostprocessing = 0;
		};
		839944D523990AB100577E55 /* Resources */ = {
			isa = PBXResourcesBuildPhase;
			buildActionMask = 2147483647;
			files = (
			);
			runOnlyForDeploymentPostprocessing = 0;
		};
		839944E023990AB100577E55 /* Resources */ = {
			isa = PBXResourcesBuildPhase;
			buildActionMask = 2147483647;
			files = (
			);
			runOnlyForDeploymentPostprocessing = 0;
		};
/* End PBXResourcesBuildPhase section */

/* Begin PBXSourcesBuildPhase section */
		839944BD23990AB000577E55 /* Sources */ = {
			isa = PBXSourcesBuildPhase;
			buildActionMask = 2147483647;
			files = (
				839944C923990AB000577E55 /* ViewController.swift in Sources */,
				839944C523990AB000577E55 /* AppDelegate.swift in Sources */,
				839944C723990AB000577E55 /* SceneDelegate.swift in Sources */,
				839944F523990DA700577E55 /* Helpers.swift in Sources */,
			);
			runOnlyForDeploymentPostprocessing = 0;
		};
		839944D323990AB100577E55 /* Sources */ = {
			isa = PBXSourcesBuildPhase;
			buildActionMask = 2147483647;
			files = (
				839944DC23990AB100577E55 /* RetroRampageTests.swift in Sources */,
			);
			runOnlyForDeploymentPostprocessing = 0;
		};
		839944DE23990AB100577E55 /* Sources */ = {
			isa = PBXSourcesBuildPhase;
			buildActionMask = 2147483647;
			files = (
				839944E723990AB100577E55 /* RetroRampageUITests.swift in Sources */,
			);
			runOnlyForDeploymentPostprocessing = 0;
		};
/* End PBXSourcesBuildPhase section */

/* Begin PBXTargetDependency section */
		839944D923990AB100577E55 /* PBXTargetDependency */ = {
			isa = PBXTargetDependency;
			target = 839944C023990AB000577E55 /* RetroRampage */;
			targetProxy = 839944D823990AB100577E55 /* PBXContainerItemProxy */;
		};
		839944E423990AB100577E55 /* PBXTargetDependency */ = {
			isa = PBXTargetDependency;
			target = 839944C023990AB000577E55 /* RetroRampage */;
			targetProxy = 839944E323990AB100577E55 /* PBXContainerItemProxy */;
		};
/* End PBXTargetDependency section */

/* Begin PBXVariantGroup section */
		839944CA23990AB000577E55 /* Main.storyboard */ = {
			isa = PBXVariantGroup;
			children = (
				839944CB23990AB000577E55 /* Base */,
			);
			name = Main.storyboard;
			sourceTree = "<group>";
		};
		839944CF23990AB100577E55 /* LaunchScreen.storyboard */ = {
			isa = PBXVariantGroup;
			children = (
				839944D023990AB100577E55 /* Base */,
			);
			name = LaunchScreen.storyboard;
			sourceTree = "<group>";
		};
/* End PBXVariantGroup section */

/* Begin XCBuildConfiguration section */
		839944E923990AB100577E55 /* Debug */ = {
			isa = XCBuildConfiguration;
			buildSettings = {
				ALWAYS_SEARCH_USER_PATHS = NO;
				CLANG_ANALYZER_NONNULL = YES;
				CLANG_ANALYZER_NUMBER_OBJECT_CONVERSION = YES_AGGRESSIVE;
				CLANG_CXX_LANGUAGE_STANDARD = "gnu++14";
				CLANG_CXX_LIBRARY = "libc++";
				CLANG_ENABLE_MODULES = YES;
				CLANG_ENABLE_OBJC_ARC = YES;
				CLANG_ENABLE_OBJC_WEAK = YES;
				CLANG_WARN_BLOCK_CAPTURE_AUTORELEASING = YES;
				CLANG_WARN_BOOL_CONVERSION = YES;
				CLANG_WARN_COMMA = YES;
				CLANG_WARN_CONSTANT_CONVERSION = YES;
				CLANG_WARN_DEPRECATED_OBJC_IMPLEMENTATIONS = YES;
				CLANG_WARN_DIRECT_OBJC_ISA_USAGE = YES_ERROR;
				CLANG_WARN_DOCUMENTATION_COMMENTS = YES;
				CLANG_WARN_EMPTY_BODY = YES;
				CLANG_WARN_ENUM_CONVERSION = YES;
				CLANG_WARN_INFINITE_RECURSION = YES;
				CLANG_WARN_INT_CONVERSION = YES;
				CLANG_WARN_NON_LITERAL_NULL_CONVERSION = YES;
				CLANG_WARN_OBJC_IMPLICIT_RETAIN_SELF = YES;
				CLANG_WARN_OBJC_LITERAL_CONVERSION = YES;
				CLANG_WARN_OBJC_ROOT_CLASS = YES_ERROR;
				CLANG_WARN_RANGE_LOOP_ANALYSIS = YES;
				CLANG_WARN_STRICT_PROTOTYPES = YES;
				CLANG_WARN_SUSPICIOUS_MOVE = YES;
				CLANG_WARN_UNGUARDED_AVAILABILITY = YES_AGGRESSIVE;
				CLANG_WARN_UNREACHABLE_CODE = YES;
				CLANG_WARN__DUPLICATE_METHOD_MATCH = YES;
				COPY_PHASE_STRIP = NO;
				DEBUG_INFORMATION_FORMAT = dwarf;
				ENABLE_STRICT_OBJC_MSGSEND = YES;
				ENABLE_TESTABILITY = YES;
				GCC_C_LANGUAGE_STANDARD = gnu11;
				GCC_DYNAMIC_NO_PIC = NO;
				GCC_NO_COMMON_BLOCKS = YES;
				GCC_OPTIMIZATION_LEVEL = 0;
				GCC_PREPROCESSOR_DEFINITIONS = (
					"DEBUG=1",
					"$(inherited)",
				);
				GCC_WARN_64_TO_32_BIT_CONVERSION = YES;
				GCC_WARN_ABOUT_RETURN_TYPE = YES_ERROR;
				GCC_WARN_UNDECLARED_SELECTOR = YES;
				GCC_WARN_UNINITIALIZED_AUTOS = YES_AGGRESSIVE;
				GCC_WARN_UNUSED_FUNCTION = YES;
				GCC_WARN_UNUSED_VARIABLE = YES;
				IPHONEOS_DEPLOYMENT_TARGET = 13.2;
				MTL_ENABLE_DEBUG_INFO = INCLUDE_SOURCE;
				MTL_FAST_MATH = YES;
				ONLY_ACTIVE_ARCH = YES;
				SDKROOT = iphoneos;
				SWIFT_ACTIVE_COMPILATION_CONDITIONS = DEBUG;
				SWIFT_OPTIMIZATION_LEVEL = "-Onone";
			};
			name = Debug;
		};
		839944EA23990AB100577E55 /* Release */ = {
			isa = XCBuildConfiguration;
			buildSettings = {
				ALWAYS_SEARCH_USER_PATHS = NO;
				CLANG_ANALYZER_NONNULL = YES;
				CLANG_ANALYZER_NUMBER_OBJECT_CONVERSION = YES_AGGRESSIVE;
				CLANG_CXX_LANGUAGE_STANDARD = "gnu++14";
				CLANG_CXX_LIBRARY = "libc++";
				CLANG_ENABLE_MODULES = YES;
				CLANG_ENABLE_OBJC_ARC = YES;
				CLANG_ENABLE_OBJC_WEAK = YES;
				CLANG_WARN_BLOCK_CAPTURE_AUTORELEASING = YES;
				CLANG_WARN_BOOL_CONVERSION = YES;
				CLANG_WARN_COMMA = YES;
				CLANG_WARN_CONSTANT_CONVERSION = YES;
				CLANG_WARN_DEPRECATED_OBJC_IMPLEMENTATIONS = YES;
				CLANG_WARN_DIRECT_OBJC_ISA_USAGE = YES_ERROR;
				CLANG_WARN_DOCUMENTATION_COMMENTS = YES;
				CLANG_WARN_EMPTY_BODY = YES;
				CLANG_WARN_ENUM_CONVERSION = YES;
				CLANG_WARN_INFINITE_RECURSION = YES;
				CLANG_WARN_INT_CONVERSION = YES;
				CLANG_WARN_NON_LITERAL_NULL_CONVERSION = YES;
				CLANG_WARN_OBJC_IMPLICIT_RETAIN_SELF = YES;
				CLANG_WARN_OBJC_LITERAL_CONVERSION = YES;
				CLANG_WARN_OBJC_ROOT_CLASS = YES_ERROR;
				CLANG_WARN_RANGE_LOOP_ANALYSIS = YES;
				CLANG_WARN_STRICT_PROTOTYPES = YES;
				CLANG_WARN_SUSPICIOUS_MOVE = YES;
				CLANG_WARN_UNGUARDED_AVAILABILITY = YES_AGGRESSIVE;
				CLANG_WARN_UNREACHABLE_CODE = YES;
				CLANG_WARN__DUPLICATE_METHOD_MATCH = YES;
				COPY_PHASE_STRIP = NO;
				DEBUG_INFORMATION_FORMAT = "dwarf-with-dsym";
				ENABLE_NS_ASSERTIONS = NO;
				ENABLE_STRICT_OBJC_MSGSEND = YES;
				GCC_C_LANGUAGE_STANDARD = gnu11;
				GCC_NO_COMMON_BLOCKS = YES;
				GCC_WARN_64_TO_32_BIT_CONVERSION = YES;
				GCC_WARN_ABOUT_RETURN_TYPE = YES_ERROR;
				GCC_WARN_UNDECLARED_SELECTOR = YES;
				GCC_WARN_UNINITIALIZED_AUTOS = YES_AGGRESSIVE;
				GCC_WARN_UNUSED_FUNCTION = YES;
				GCC_WARN_UNUSED_VARIABLE = YES;
				IPHONEOS_DEPLOYMENT_TARGET = 13.2;
				MTL_ENABLE_DEBUG_INFO = NO;
				MTL_FAST_MATH = YES;
				SDKROOT = iphoneos;
				SWIFT_COMPILATION_MODE = wholemodule;
				SWIFT_OPTIMIZATION_LEVEL = "-O";
				VALIDATE_PRODUCT = YES;
			};
			name = Release;
		};
		839944EC23990AB100577E55 /* Debug */ = {
			isa = XCBuildConfiguration;
			buildSettings = {
				ASSETCATALOG_COMPILER_APPICON_NAME = AppIcon;
				CODE_SIGN_STYLE = Automatic;
				INFOPLIST_FILE = RetroRampage/Info.plist;
				LD_RUNPATH_SEARCH_PATHS = (
					"$(inherited)",
					"@executable_path/Frameworks",
				);
				PRODUCT_BUNDLE_IDENTIFIER = objc.io.RetroRampage;
				PRODUCT_NAME = "$(TARGET_NAME)";
				SWIFT_VERSION = 5.0;
				TARGETED_DEVICE_FAMILY = "1,2";
			};
			name = Debug;
		};
		839944ED23990AB100577E55 /* Release */ = {
			isa = XCBuildConfiguration;
			buildSettings = {
				ASSETCATALOG_COMPILER_APPICON_NAME = AppIcon;
				CODE_SIGN_STYLE = Automatic;
				INFOPLIST_FILE = RetroRampage/Info.plist;
				LD_RUNPATH_SEARCH_PATHS = (
					"$(inherited)",
					"@executable_path/Frameworks",
				);
				PRODUCT_BUNDLE_IDENTIFIER = objc.io.RetroRampage;
				PRODUCT_NAME = "$(TARGET_NAME)";
				SWIFT_VERSION = 5.0;
				TARGETED_DEVICE_FAMILY = "1,2";
			};
			name = Release;
		};
		839944EF23990AB100577E55 /* Debug */ = {
			isa = XCBuildConfiguration;
			buildSettings = {
				ALWAYS_EMBED_SWIFT_STANDARD_LIBRARIES = YES;
				BUNDLE_LOADER = "$(TEST_HOST)";
				CODE_SIGN_STYLE = Automatic;
				INFOPLIST_FILE = RetroRampageTests/Info.plist;
				IPHONEOS_DEPLOYMENT_TARGET = 13.2;
				LD_RUNPATH_SEARCH_PATHS = (
					"$(inherited)",
					"@executable_path/Frameworks",
					"@loader_path/Frameworks",
				);
				PRODUCT_BUNDLE_IDENTIFIER = objc.io.RetroRampageTests;
				PRODUCT_NAME = "$(TARGET_NAME)";
				SWIFT_VERSION = 5.0;
				TARGETED_DEVICE_FAMILY = "1,2";
				TEST_HOST = "$(BUILT_PRODUCTS_DIR)/RetroRampage.app/RetroRampage";
			};
			name = Debug;
		};
		839944F023990AB100577E55 /* Release */ = {
			isa = XCBuildConfiguration;
			buildSettings = {
				ALWAYS_EMBED_SWIFT_STANDARD_LIBRARIES = YES;
				BUNDLE_LOADER = "$(TEST_HOST)";
				CODE_SIGN_STYLE = Automatic;
				INFOPLIST_FILE = RetroRampageTests/Info.plist;
				IPHONEOS_DEPLOYMENT_TARGET = 13.2;
				LD_RUNPATH_SEARCH_PATHS = (
					"$(inherited)",
					"@executable_path/Frameworks",
					"@loader_path/Frameworks",
				);
				PRODUCT_BUNDLE_IDENTIFIER = objc.io.RetroRampageTests;
				PRODUCT_NAME = "$(TARGET_NAME)";
				SWIFT_VERSION = 5.0;
				TARGETED_DEVICE_FAMILY = "1,2";
				TEST_HOST = "$(BUILT_PRODUCTS_DIR)/RetroRampage.app/RetroRampage";
			};
			name = Release;
		};
		839944F223990AB100577E55 /* Debug */ = {
			isa = XCBuildConfiguration;
			buildSettings = {
				ALWAYS_EMBED_SWIFT_STANDARD_LIBRARIES = YES;
				CODE_SIGN_STYLE = Automatic;
				INFOPLIST_FILE = RetroRampageUITests/Info.plist;
				LD_RUNPATH_SEARCH_PATHS = (
					"$(inherited)",
					"@executable_path/Frameworks",
					"@loader_path/Frameworks",
				);
				PRODUCT_BUNDLE_IDENTIFIER = objc.io.RetroRampageUITests;
				PRODUCT_NAME = "$(TARGET_NAME)";
				SWIFT_VERSION = 5.0;
				TARGETED_DEVICE_FAMILY = "1,2";
				TEST_TARGET_NAME = RetroRampage;
			};
			name = Debug;
		};
		839944F323990AB100577E55 /* Release */ = {
			isa = XCBuildConfiguration;
			buildSettings = {
				ALWAYS_EMBED_SWIFT_STANDARD_LIBRARIES = YES;
				CODE_SIGN_STYLE = Automatic;
				INFOPLIST_FILE = RetroRampageUITests/Info.plist;
				LD_RUNPATH_SEARCH_PATHS = (
					"$(inherited)",
					"@executable_path/Frameworks",
					"@loader_path/Frameworks",
				);
				PRODUCT_BUNDLE_IDENTIFIER = objc.io.RetroRampageUITests;
				PRODUCT_NAME = "$(TARGET_NAME)";
				SWIFT_VERSION = 5.0;
				TARGETED_DEVICE_FAMILY = "1,2";
				TEST_TARGET_NAME = RetroRampage;
			};
			name = Release;
		};
/* End XCBuildConfiguration section */

/* Begin XCConfigurationList section */
		839944BC23990AB000577E55 /* Build configuration list for PBXProject "RetroRampage" */ = {
			isa = XCConfigurationList;
			buildConfigurations = (
				839944E923990AB100577E55 /* Debug */,
				839944EA23990AB100577E55 /* Release */,
			);
			defaultConfigurationIsVisible = 0;
			defaultConfigurationName = Release;
		};
		839944EB23990AB100577E55 /* Build configuration list for PBXNativeTarget "RetroRampage" */ = {
			isa = XCConfigurationList;
			buildConfigurations = (
				839944EC23990AB100577E55 /* Debug */,
				839944ED23990AB100577E55 /* Release */,
			);
			defaultConfigurationIsVisible = 0;
			defaultConfigurationName = Release;
		};
		839944EE23990AB100577E55 /* Build configuration list for PBXNativeTarget "RetroRampageTests" */ = {
			isa = XCConfigurationList;
			buildConfigurations = (
				839944EF23990AB100577E55 /* Debug */,
				839944F023990AB100577E55 /* Release */,
			);
			defaultConfigurationIsVisible = 0;
			defaultConfigurationName = Release;
		};
		839944F123990AB100577E55 /* Build configuration list for PBXNativeTarget "RetroRampageUITests" */ = {
			isa = XCConfigurationList;
			buildConfigurations = (
				839944F223990AB100577E55 /* Debug */,
				839944F323990AB100577E55 /* Release */,
			);
			defaultConfigurationIsVisible = 0;
			defaultConfigurationName = Release;
		};
/* End XCConfigurationList section */
	};
	rootObject = 839944B923990AB000577E55 /* Project object */;
}
